{
    "_readme": [
        "This file locks the dependencies of your project to a known state",
        "Read more about it at https://getcomposer.org/doc/01-basic-usage.md#installing-dependencies",
        "This file is @generated automatically"
    ],
    "content-hash": "73aae03800de91316da79101e062a8fa",
    "packages": [
        {
            "name": "sprnva/fortify",
            "version": "v1.0.12",
            "source": {
                "type": "git",
                "url": "https://github.com/sprnva/fortify.git",
                "reference": "921c42e27abdb8101cd0f59ac20348e574a76396"
            },
            "dist": {
                "type": "zip",
                "url": "https://api.github.com/repos/sprnva/fortify/zipball/921c42e27abdb8101cd0f59ac20348e574a76396",
                "reference": "921c42e27abdb8101cd0f59ac20348e574a76396",
                "shasum": ""
            },
            "type": "library",
            "notification-url": "https://packagist.org/downloads/",
            "license": [
                "MIT"
            ],
            "authors": [
                {
                    "name": "Judywen Guapin",
                    "email": "jguapin21@gmail.com"
                }
            ],
            "description": "The Authentication Scaffolding for Sprnva Framework.",
            "keywords": [
                "auth",
                "framework",
                "sprnva"
            ],
            "support": {
                "issues": "https://github.com/sprnva/fortify/issues",
                "source": "https://github.com/sprnva/fortify/tree/v1.0.12"
            },
            "time": "2021-09-08T05:59:07+00:00"
        },
        {
            "name": "sprnva/framework",
            "version": "v1.3.26",
            "source": {
                "type": "git",
                "url": "https://github.com/sprnva/framework.git",
                "reference": "bdd30dca4a9f7a4e7d7f0ecb05e189bfd230a4c1"
            },
            "dist": {
                "type": "zip",
                "url": "https://api.github.com/repos/sprnva/framework/zipball/bdd30dca4a9f7a4e7d7f0ecb05e189bfd230a4c1",
                "reference": "bdd30dca4a9f7a4e7d7f0ecb05e189bfd230a4c1",
                "shasum": ""
            },
            "type": "library",
            "autoload": {
                "files": [
                    "src/Helpers.php",
                    "src/bootstrap.php",
                    "src/Routes.php"
                ]
            },
            "notification-url": "https://packagist.org/downloads/",
            "license": [
                "MIT"
            ],
            "authors": [
                {
                    "name": "Judywen Guapin",
                    "email": "jguapin21@gmail.com"
                }
            ],
            "description": "The Sprnva Framework.",
            "keywords": [
                "framework",
                "sprnva"
            ],
            "support": {
                "issues": "https://github.com/sprnva/framework/issues",
                "source": "https://github.com/sprnva/framework/tree/v1.3.26"
            },
            "time": "2021-09-20T10:55:35+00:00"
        }
    ],
    "packages-dev": [],
    "aliases": [],
    "minimum-stability": "dev",
    "stability-flags": [],
    "prefer-stable": true,
    "prefer-lowest": false,
    "platform": [],
    "platform-dev": [],
    "plugin-api-version": "2.1.0"
}
